{
  "requires": true,
  "lockfileVersion": 1,
  "dependencies": {
    "bootstrap-select": {
      "version": "1.13.18",
      "resolved": "https://registry.npmjs.org/bootstrap-select/-/bootstrap-select-1.13.18.tgz",
      "integrity": "sha512-V1IzK4rxBq5FrJtkzSH6RmFLFBsjx50byFbfAf8jYyXROWs7ZpprGjdHeoyq2HSsHyjJhMMwjsQhRoYAfxCGow=="
    },
    "is-any-array": {
      "version": "0.0.3",
      "resolved": "https://registry.npmjs.org/is-any-array/-/is-any-array-0.0.3.tgz",
      "integrity": "sha512-Lr5SRykZv6uuYMZURz7+YpigT1ziTBHOTgFJ1zK7gL+9Wbet5Ha1ws6S84Jo/lH4zep02b95sk6o4+MTk97mPQ=="
    },
    "json": {
      "version": "9.0.6",
      "resolved": "https://registry.npmjs.org/json/-/json-9.0.6.tgz",
      "integrity": "sha1-eXLCpaSKQmeNsnMMfCxO5uTiRYU="
    },
    "ml-array-max": {
      "version": "1.1.2",
      "resolved": "https://registry.npmjs.org/ml-array-max/-/ml-array-max-1.1.2.tgz",
      "integrity": "sha512-it2hYUSuYEwIRO6hjTWfe6gbGutF4Tuct7jxt3LiLE4wKFs6ku5FLNIRKtOL2jyH+Jdwt1ddbqKMX8inBM8RxA==",
      "requires": {
        "is-any-array": "^0.0.3"
      }
    },
    "ml-array-min": {
      "version": "1.1.2",
      "resolved": "https://registry.npmjs.org/ml-array-min/-/ml-array-min-1.1.2.tgz",
      "integrity": "sha512-92QzvsyK7TxGz618pno6bu0LXYcRKssbimP85qRllk2xX5Z4gnVxlOmrMjSerUut9zzbt1eQB4byXNCwT0vgwA==",
      "requires": {
        "is-any-array": "^0.0.3"
      }
    },
    "ml-array-rescale": {
      "version": "1.3.1",
      "resolved": "https://registry.npmjs.org/ml-array-rescale/-/ml-array-rescale-1.3.1.tgz",
      "integrity": "sha512-PMj/f3MXBf5j2is8E4ugfNx6txi5y6qO4iVizfGjUVcpBl9RpXhznsoOz5iLtVtW1uDiWl+ToHaW4IGwoG+rmg==",
      "requires": {
        "is-any-array": "^0.0.3",
        "ml-array-max": "^1.1.2",
        "ml-array-min": "^1.1.2"
      }
    },
    "ml-levenberg-marquardt": {
      "version": "1.0.4",
      "resolved": "https://registry.npmjs.org/ml-levenberg-marquardt/-/ml-levenberg-marquardt-1.0.4.tgz",
      "integrity": "sha512-BtvQkRwhqn/y2ZJrq7BiFYZkHoSAlAK0ZzdWtivNp/IbcYtjh9QXFgTZ1fFMto4CqEXX4OUj4SRQuMD0259fuA==",
      "requires": {
        "ml-matrix": "^5.3.0"
      }
    },
    "ml-matrix": {
      "version": "5.3.0",
      "resolved": "https://registry.npmjs.org/ml-matrix/-/ml-matrix-5.3.0.tgz",
      "integrity": "sha512-DuvdXYwfGRpM+7MVdvi/zSjiazn+8QPrACT3Xi0pQpYx5SXZ1WuFYwUDXTSmV9+hrCxRhrC4hrzesNcfjpvOsw==",
      "requires": {
        "ml-array-max": "^1.1.1",
        "ml-array-rescale": "^1.2.1"
      }
    },
    "umap-js": {
      "version": "1.3.2",
      "resolved": "https://registry.npmjs.org/umap-js/-/umap-js-1.3.2.tgz",
      "integrity": "sha512-qZoXYx0jA+s+j5A9n2RUEBnuCO7avdYeD/+5z6dVVnVcpodPSI2qADktx5OluVYcfs/WsuFO1hcaROCm4RSYHg==",
      "requires": {
        "ml-levenberg-marquardt": "^1.0.3"
      }
    }
  }
}
